{
  "name": "minipay-react-example",
  "version": "0.1.0",
  "lockfileVersion": 2,
  "requires": true,
  "packages": {
    "": {
      "name": "minipay-react-example",
      "version": "0.1.0",
      "dependencies": {
        "minipay-react": "file:..",
        "react": "file:../node_modules/react",
        "react-dom": "file:../node_modules/react-dom",
        "react-scripts": "file:../node_modules/react-scripts"
      }
    },
    "..": {
      "version": "1.0.0",
      "license": "MIT",
      "dependencies": {
        "@emotion/react": "^11.10.6",
        "@emotion/styled": "^11.10.6",
        "@mui/material": "^5.11.10"
      },
      "devDependencies": {
        "cross-env": "^7.0.3",
        "css-loader": "^6.7.3",
        "eslint": "^8.34.0",
        "gh-pages": "^5.0.0",
        "microbundle-crl": "^0.13.11",
        "prettier": "^2.8.4",
        "react": "^17.0.2",
        "react-dom": "^17.0.2",
        "react-scripts": "^5.0.1",
        "rollup-plugin-import-css": "^3.1.0",
        "style-loader": "^3.3.1"
      },
      "engines": {
        "node": ">=10"
      },
      "peerDependencies": {
        "react": "^17.0.2 || ^18.0.0"
      }
    },
    "../node_modules/react": {},
    "../node_modules/react-dom": {},
    "../node_modules/react-scripts": {},
    "node_modules/minipay-react": {
      "resolved": "..",
      "link": true
    },
    "node_modules/react": {
      "resolved": "../node_modules/react",
      "link": true
    },
    "node_modules/react-dom": {
      "resolved": "../node_modules/react-dom",
      "link": true
    },
    "node_modules/react-scripts": {
      "resolved": "../node_modules/react-scripts",
      "link": true
    }
  },
  "dependencies": {
    "minipay-react": {
      "version": "file:..",
      "requires": {
        "@emotion/react": "^11.10.6",
        "@emotion/styled": "^11.10.6",
        "@mui/material": "^5.11.10",
        "cross-env": "^7.0.3",
        "css-loader": "^6.7.3",
        "eslint": "^8.34.0",
        "gh-pages": "^5.0.0",
        "microbundle-crl": "^0.13.11",
        "prettier": "^2.8.4",
        "react": "^17.0.2",
        "react-dom": "^17.0.2",
        "react-scripts": "^5.0.1",
        "rollup-plugin-import-css": "^3.1.0",
        "style-loader": "^3.3.1"
      },
      "dependencies": {
        "react": {},
        "react-dom": {},
        "react-scripts": {}
      }
    },
    "react": {
      "version": "file:../node_modules/react"
    },
    "react-dom": {
      "version": "file:../node_modules/react-dom"
    },
    "react-scripts": {
      "version": "file:../node_modules/react-scripts"
    }
  }
}
